// !$*UTF8*$!
{
	archiveVersion = 1;
	classes = {
	};
	objectVersion = 50;
	objects = {

/* Begin PBXBuildFile section */
		5D1ABA6F21705EE9005BA1BE /* AppDelegate.swift in Sources */ = {isa = PBXBuildFile; fileRef = 5D1ABA6E21705EE9005BA1BE /* AppDelegate.swift */; };
		5D1ABA7421705EE9005BA1BE /* Main.storyboard in Resources */ = {isa = PBXBuildFile; fileRef = 5D1ABA7221705EE9005BA1BE /* Main.storyboard */; };
		5D1ABA7621705EEA005BA1BE /* Assets.xcassets in Resources */ = {isa = PBXBuildFile; fileRef = 5D1ABA7521705EEA005BA1BE /* Assets.xcassets */; };
		5D1ABA7921705EEA005BA1BE /* LaunchScreen.storyboard in Resources */ = {isa = PBXBuildFile; fileRef = 5D1ABA7721705EEA005BA1BE /* LaunchScreen.storyboard */; };
		5D1ABA8421705EEA005BA1BE /* TodoAppTests.swift in Sources */ = {isa = PBXBuildFile; fileRef = 5D1ABA8321705EEA005BA1BE /* TodoAppTests.swift */; };
		5D1ABA8F21705EEA005BA1BE /* TodoAppUITests.swift in Sources */ = {isa = PBXBuildFile; fileRef = 5D1ABA8E21705EEA005BA1BE /* TodoAppUITests.swift */; };
		5D1ABAA421706023005BA1BE /* TodoCell.swift in Sources */ = {isa = PBXBuildFile; fileRef = 5D1ABAA321706023005BA1BE /* TodoCell.swift */; };
		5D309DE92173DCC3002C11F9 /* TodoModelTests.swift in Sources */ = {isa = PBXBuildFile; fileRef = 5D309DE82173DCC3002C11F9 /* TodoModelTests.swift */; };
		5D7A74B02170614D0056BB49 /* Assignment_2.pdf in Resources */ = {isa = PBXBuildFile; fileRef = 5D7A74AF2170614C0056BB49 /* Assignment_2.pdf */; };
		5D7A74B2217061FF0056BB49 /* Notes in Resources */ = {isa = PBXBuildFile; fileRef = 5D7A74B1217061FF0056BB49 /* Notes */; };
		5D7A74B6217063FA0056BB49 /* TodoDetail.swift in Sources */ = {isa = PBXBuildFile; fileRef = 5D7A74B5217063FA0056BB49 /* TodoDetail.swift */; };
		5D7A74B82170643C0056BB49 /* TodoViewController.swift in Sources */ = {isa = PBXBuildFile; fileRef = 5D7A74B72170643C0056BB49 /* TodoViewController.swift */; };
		5D7A74BA2170644E0056BB49 /* TodoDetailViewController.swift in Sources */ = {isa = PBXBuildFile; fileRef = 5D7A74B92170644E0056BB49 /* TodoDetailViewController.swift */; };
		5D7A74BD217307720056BB49 /* TodoApp.xcdatamodeld in Sources */ = {isa = PBXBuildFile; fileRef = 5D7A74BB217307720056BB49 /* TodoApp.xcdatamodeld */; };
		5D7A74C02173091D0056BB49 /* Todo+CoreDataClass.swift in Sources */ = {isa = PBXBuildFile; fileRef = 5D7A74BE2173091D0056BB49 /* Todo+CoreDataClass.swift */; };
		5D7A74C12173091D0056BB49 /* Todo+CoreDataProperties.swift in Sources */ = {isa = PBXBuildFile; fileRef = 5D7A74BF2173091D0056BB49 /* Todo+CoreDataProperties.swift */; };
		5D7A74C32173095C0056BB49 /* Persist.swift in Sources */ = {isa = PBXBuildFile; fileRef = 5D7A74C22173095C0056BB49 /* Persist.swift */; };
/* End PBXBuildFile section */

/* Begin PBXContainerItemProxy section */
		5D1ABA8021705EEA005BA1BE /* PBXContainerItemProxy */ = {
			isa = PBXContainerItemProxy;
			containerPortal = 5D1ABA6321705EE8005BA1BE /* Project object */;
			proxyType = 1;
			remoteGlobalIDString = 5D1ABA6A21705EE9005BA1BE;
			remoteInfo = TodoApp;
		};
		5D1ABA8B21705EEA005BA1BE /* PBXContainerItemProxy */ = {
			isa = PBXContainerItemProxy;
			containerPortal = 5D1ABA6321705EE8005BA1BE /* Project object */;
			proxyType = 1;
			remoteGlobalIDString = 5D1ABA6A21705EE9005BA1BE;
			remoteInfo = TodoApp;
		};
/* End PBXContainerItemProxy section */

/* Begin PBXFileReference section */
		5D1ABA6B21705EE9005BA1BE /* TodoApp.app */ = {isa = PBXFileReference; explicitFileType = wrapper.application; includeInIndex = 0; path = TodoApp.app; sourceTree = BUILT_PRODUCTS_DIR; };
		5D1ABA6E21705EE9005BA1BE /* AppDelegate.swift */ = {isa = PBXFileReference; lastKnownFileType = sourcecode.swift; path = AppDelegate.swift; sourceTree = "<group>"; };
		5D1ABA7321705EE9005BA1BE /* Base */ = {isa = PBXFileReference; lastKnownFileType = file.storyboard; name = Base; path = Base.lproj/Main.storyboard; sourceTree = "<group>"; };
		5D1ABA7521705EEA005BA1BE /* Assets.xcassets */ = {isa = PBXFileReference; lastKnownFileType = folder.assetcatalog; path = Assets.xcassets; sourceTree = "<group>"; };
		5D1ABA7821705EEA005BA1BE /* Base */ = {isa = PBXFileReference; lastKnownFileType = file.storyboard; name = Base; path = Base.lproj/LaunchScreen.storyboard; sourceTree = "<group>"; };
		5D1ABA7A21705EEA005BA1BE /* Info.plist */ = {isa = PBXFileReference; lastKnownFileType = text.plist.xml; path = Info.plist; sourceTree = "<group>"; };
		5D1ABA7F21705EEA005BA1BE /* TodoAppTests.xctest */ = {isa = PBXFileReference; explicitFileType = wrapper.cfbundle; includeInIndex = 0; path = TodoAppTests.xctest; sourceTree = BUILT_PRODUCTS_DIR; };
		5D1ABA8321705EEA005BA1BE /* TodoAppTests.swift */ = {isa = PBXFileReference; lastKnownFileType = sourcecode.swift; path = TodoAppTests.swift; sourceTree = "<group>"; };
		5D1ABA8521705EEA005BA1BE /* Info.plist */ = {isa = PBXFileReference; lastKnownFileType = text.plist.xml; path = Info.plist; sourceTree = "<group>"; };
		5D1ABA8A21705EEA005BA1BE /* TodoAppUITests.xctest */ = {isa = PBXFileReference; explicitFileType = wrapper.cfbundle; includeInIndex = 0; path = TodoAppUITests.xctest; sourceTree = BUILT_PRODUCTS_DIR; };
		5D1ABA8E21705EEA005BA1BE /* TodoAppUITests.swift */ = {isa = PBXFileReference; lastKnownFileType = sourcecode.swift; path = TodoAppUITests.swift; sourceTree = "<group>"; };
		5D1ABA9021705EEA005BA1BE /* Info.plist */ = {isa = PBXFileReference; lastKnownFileType = text.plist.xml; path = Info.plist; sourceTree = "<group>"; };
		5D1ABAA321706023005BA1BE /* TodoCell.swift */ = {isa = PBXFileReference; lastKnownFileType = sourcecode.swift; path = TodoCell.swift; sourceTree = "<group>"; };
		5D309DE82173DCC3002C11F9 /* TodoModelTests.swift */ = {isa = PBXFileReference; lastKnownFileType = sourcecode.swift; path = TodoModelTests.swift; sourceTree = "<group>"; };
		5D7A74AF2170614C0056BB49 /* Assignment_2.pdf */ = {isa = PBXFileReference; lastKnownFileType = image.pdf; path = Assignment_2.pdf; sourceTree = "<group>"; };
		5D7A74B1217061FF0056BB49 /* Notes */ = {isa = PBXFileReference; lastKnownFileType = text; path = Notes; sourceTree = "<group>"; };
		5D7A74B5217063FA0056BB49 /* TodoDetail.swift */ = {isa = PBXFileReference; lastKnownFileType = sourcecode.swift; path = TodoDetail.swift; sourceTree = "<group>"; };
		5D7A74B72170643C0056BB49 /* TodoViewController.swift */ = {isa = PBXFileReference; lastKnownFileType = sourcecode.swift; path = TodoViewController.swift; sourceTree = "<group>"; };
		5D7A74B92170644E0056BB49 /* TodoDetailViewController.swift */ = {isa = PBXFileReference; lastKnownFileType = sourcecode.swift; path = TodoDetailViewController.swift; sourceTree = "<group>"; };
		5D7A74BC217307720056BB49 /* TodoApp.xcdatamodel */ = {isa = PBXFileReference; lastKnownFileType = wrapper.xcdatamodel; path = TodoApp.xcdatamodel; sourceTree = "<group>"; };
		5D7A74BE2173091D0056BB49 /* Todo+CoreDataClass.swift */ = {isa = PBXFileReference; lastKnownFileType = sourcecode.swift; path = "Todo+CoreDataClass.swift"; sourceTree = "<group>"; };
		5D7A74BF2173091D0056BB49 /* Todo+CoreDataProperties.swift */ = {isa = PBXFileReference; lastKnownFileType = sourcecode.swift; path = "Todo+CoreDataProperties.swift"; sourceTree = "<group>"; };
		5D7A74C22173095C0056BB49 /* Persist.swift */ = {isa = PBXFileReference; lastKnownFileType = sourcecode.swift; path = Persist.swift; sourceTree = "<group>"; };
/* End PBXFileReference section */

/* Begin PBXFrameworksBuildPhase section */
		5D1ABA6821705EE9005BA1BE /* Frameworks */ = {
			isa = PBXFrameworksBuildPhase;
			buildActionMask = 2147483647;
			files = (
			);
			runOnlyForDeploymentPostprocessing = 0;
		};
		5D1ABA7C21705EEA005BA1BE /* Frameworks */ = {
			isa = PBXFrameworksBuildPhase;
			buildActionMask = 2147483647;
			files = (
			);
			runOnlyForDeploymentPostprocessing = 0;
		};
		5D1ABA8721705EEA005BA1BE /* Frameworks */ = {
			isa = PBXFrameworksBuildPhase;
			buildActionMask = 2147483647;
			files = (
			);
			runOnlyForDeploymentPostprocessing = 0;
		};
/* End PBXFrameworksBuildPhase section */

/* Begin PBXGroup section */
		5D1ABA6221705EE8005BA1BE = {
			isa = PBXGroup;
			children = (
				5D1ABA6D21705EE9005BA1BE /* TodoApp */,
				5D1ABA8221705EEA005BA1BE /* TodoAppTests */,
				5D1ABA8D21705EEA005BA1BE /* TodoAppUITests */,
				5D1ABA6C21705EE9005BA1BE /* Products */,
			);
			sourceTree = "<group>";
		};
		5D1ABA6C21705EE9005BA1BE /* Products */ = {
			isa = PBXGroup;
			children = (
				5D1ABA6B21705EE9005BA1BE /* TodoApp.app */,
				5D1ABA7F21705EEA005BA1BE /* TodoAppTests.xctest */,
				5D1ABA8A21705EEA005BA1BE /* TodoAppUITests.xctest */,
			);
			name = Products;
			sourceTree = "<group>";
		};
		5D1ABA6D21705EE9005BA1BE /* TodoApp */ = {
			isa = PBXGroup;
			children = (
				5D1ABA6E21705EE9005BA1BE /* AppDelegate.swift */,
				5D7A74C22173095C0056BB49 /* Persist.swift */,
				5D1ABA9E21705F0B005BA1BE /* Models */,
				5D1ABA9C21705EF3005BA1BE /* View Controllers */,
				5D1ABA9D21705EFF005BA1BE /* Views */,
				5D1ABA7221705EE9005BA1BE /* Main.storyboard */,
				5D1ABA7721705EEA005BA1BE /* LaunchScreen.storyboard */,
				5D7A74BB217307720056BB49 /* TodoApp.xcdatamodeld */,
				5D1ABA7521705EEA005BA1BE /* Assets.xcassets */,
				5D7A74AF2170614C0056BB49 /* Assignment_2.pdf */,
				5D7A74B1217061FF0056BB49 /* Notes */,
				5D1ABA7A21705EEA005BA1BE /* Info.plist */,
			);
			path = TodoApp;
			sourceTree = "<group>";
		};
		5D1ABA8221705EEA005BA1BE /* TodoAppTests */ = {
			isa = PBXGroup;
			children = (
				5D1ABA8321705EEA005BA1BE /* TodoAppTests.swift */,
				5D309DE82173DCC3002C11F9 /* TodoModelTests.swift */,
				5D1ABA8521705EEA005BA1BE /* Info.plist */,
			);
			path = TodoAppTests;
			sourceTree = "<group>";
		};
		5D1ABA8D21705EEA005BA1BE /* TodoAppUITests */ = {
			isa = PBXGroup;
			children = (
				5D1ABA8E21705EEA005BA1BE /* TodoAppUITests.swift */,
				5D1ABA9021705EEA005BA1BE /* Info.plist */,
			);
			path = TodoAppUITests;
			sourceTree = "<group>";
		};
		5D1ABA9C21705EF3005BA1BE /* View Controllers */ = {
			isa = PBXGroup;
			children = (
				5D7A74B72170643C0056BB49 /* TodoViewController.swift */,
				5D7A74B92170644E0056BB49 /* TodoDetailViewController.swift */,
			);
			path = "View Controllers";
			sourceTree = "<group>";
		};
		5D1ABA9D21705EFF005BA1BE /* Views */ = {
			isa = PBXGroup;
			children = (
				5D1ABAA321706023005BA1BE /* TodoCell.swift */,
				5D7A74B5217063FA0056BB49 /* TodoDetail.swift */,
			);
			path = Views;
			sourceTree = "<group>";
		};
		5D1ABA9E21705F0B005BA1BE /* Models */ = {
			isa = PBXGroup;
			children = (
				5D7A74BE2173091D0056BB49 /* Todo+CoreDataClass.swift */,
				5D7A74BF2173091D0056BB49 /* Todo+CoreDataProperties.swift */,
			);
			path = Models;
			sourceTree = "<group>";
		};
/* End PBXGroup section */

/* Begin PBXNativeTarget section */
		5D1ABA6A21705EE9005BA1BE /* TodoApp */ = {
			isa = PBXNativeTarget;
			buildConfigurationList = 5D1ABA9321705EEA005BA1BE /* Build configuration list for PBXNativeTarget "TodoApp" */;
			buildPhases = (
				5D1ABA6721705EE9005BA1BE /* Sources */,
				5D1ABA6821705EE9005BA1BE /* Frameworks */,
				5D1ABA6921705EE9005BA1BE /* Resources */,
			);
			buildRules = (
			);
			dependencies = (
			);
			name = TodoApp;
			productName = TodoApp;
			productReference = 5D1ABA6B21705EE9005BA1BE /* TodoApp.app */;
			productType = "com.apple.product-type.application";
		};
		5D1ABA7E21705EEA005BA1BE /* TodoAppTests */ = {
			isa = PBXNativeTarget;
			buildConfigurationList = 5D1ABA9621705EEA005BA1BE /* Build configuration list for PBXNativeTarget "TodoAppTests" */;
			buildPhases = (
				5D1ABA7B21705EEA005BA1BE /* Sources */,
				5D1ABA7C21705EEA005BA1BE /* Frameworks */,
				5D1ABA7D21705EEA005BA1BE /* Resources */,
			);
			buildRules = (
			);
			dependencies = (
				5D1ABA8121705EEA005BA1BE /* PBXTargetDependency */,
			);
			name = TodoAppTests;
			productName = TodoAppTests;
			productReference = 5D1ABA7F21705EEA005BA1BE /* TodoAppTests.xctest */;
			productType = "com.apple.product-type.bundle.unit-test";
		};
		5D1ABA8921705EEA005BA1BE /* TodoAppUITests */ = {
			isa = PBXNativeTarget;
			buildConfigurationList = 5D1ABA9921705EEA005BA1BE /* Build configuration list for PBXNativeTarget "TodoAppUITests" */;
			buildPhases = (
				5D1ABA8621705EEA005BA1BE /* Sources */,
				5D1ABA8721705EEA005BA1BE /* Frameworks */,
				5D1ABA8821705EEA005BA1BE /* Resources */,
			);
			buildRules = (
			);
			dependencies = (
				5D1ABA8C21705EEA005BA1BE /* PBXTargetDependency */,
			);
			name = TodoAppUITests;
			productName = TodoAppUITests;
			productReference = 5D1ABA8A21705EEA005BA1BE /* TodoAppUITests.xctest */;
			productType = "com.apple.product-type.bundle.ui-testing";
		};
/* End PBXNativeTarget section */

/* Begin PBXProject section */
		5D1ABA6321705EE8005BA1BE /* Project object */ = {
			isa = PBXProject;
			attributes = {
				LastSwiftUpdateCheck = 1000;
				LastUpgradeCheck = 1000;
				ORGANIZATIONNAME = motiveg;
				TargetAttributes = {
					5D1ABA6A21705EE9005BA1BE = {
						CreatedOnToolsVersion = 10.0;
					};
					5D1ABA7E21705EEA005BA1BE = {
						CreatedOnToolsVersion = 10.0;
						TestTargetID = 5D1ABA6A21705EE9005BA1BE;
					};
					5D1ABA8921705EEA005BA1BE = {
						CreatedOnToolsVersion = 10.0;
						TestTargetID = 5D1ABA6A21705EE9005BA1BE;
					};
				};
			};
			buildConfigurationList = 5D1ABA6621705EE8005BA1BE /* Build configuration list for PBXProject "TodoApp" */;
			compatibilityVersion = "Xcode 9.3";
			developmentRegion = en;
			hasScannedForEncodings = 0;
			knownRegions = (
				en,
				Base,
			);
			mainGroup = 5D1ABA6221705EE8005BA1BE;
			productRefGroup = 5D1ABA6C21705EE9005BA1BE /* Products */;
			projectDirPath = "";
			projectRoot = "";
			targets = (
				5D1ABA6A21705EE9005BA1BE /* TodoApp */,
				5D1ABA7E21705EEA005BA1BE /* TodoAppTests */,
				5D1ABA8921705EEA005BA1BE /* TodoAppUITests */,
			);
		};
/* End PBXProject section */

/* Begin PBXResourcesBuildPhase section */
		5D1ABA6921705EE9005BA1BE /* Resources */ = {
			isa = PBXResourcesBuildPhase;
			buildActionMask = 2147483647;
			files = (
				5D1ABA7921705EEA005BA1BE /* LaunchScreen.storyboard in Resources */,
				5D7A74B2217061FF0056BB49 /* Notes in Resources */,
				5D1ABA7621705EEA005BA1BE /* Assets.xcassets in Resources */,
				5D7A74B02170614D0056BB49 /* Assignment_2.pdf in Resources */,
				5D1ABA7421705EE9005BA1BE /* Main.storyboard in Resources */,
			);
			runOnlyForDeploymentPostprocessing = 0;
		};
		5D1ABA7D21705EEA005BA1BE /* Resources */ = {
			isa = PBXResourcesBuildPhase;
			buildActionMask = 2147483647;
			files = (
			);
			runOnlyForDeploymentPostprocessing = 0;
		};
		5D1ABA8821705EEA005BA1BE /* Resources */ = {
			isa = PBXResourcesBuildPhase;
			buildActionMask = 2147483647;
			files = (
			);
			runOnlyForDeploymentPostprocessing = 0;
		};
/* End PBXResourcesBuildPhase section */

/* Begin PBXSourcesBuildPhase section */
		5D1ABA6721705EE9005BA1BE /* Sources */ = {
			isa = PBXSourcesBuildPhase;
			buildActionMask = 2147483647;
			files = (
				5D7A74C32173095C0056BB49 /* Persist.swift in Sources */,
				5D7A74B82170643C0056BB49 /* TodoViewController.swift in Sources */,
				5D7A74B6217063FA0056BB49 /* TodoDetail.swift in Sources */,
				5D1ABA6F21705EE9005BA1BE /* AppDelegate.swift in Sources */,
				5D1ABAA421706023005BA1BE /* TodoCell.swift in Sources */,
				5D7A74C02173091D0056BB49 /* Todo+CoreDataClass.swift in Sources */,
				5D7A74BA2170644E0056BB49 /* TodoDetailViewController.swift in Sources */,
				5D7A74BD217307720056BB49 /* TodoApp.xcdatamodeld in Sources */,
				5D7A74C12173091D0056BB49 /* Todo+CoreDataProperties.swift in Sources */,
			);
			runOnlyForDeploymentPostprocessing = 0;
		};
		5D1ABA7B21705EEA005BA1BE /* Sources */ = {
			isa = PBXSourcesBuildPhase;
			buildActionMask = 2147483647;
			files = (
				5D1ABA8421705EEA005BA1BE /* TodoAppTests.swift in Sources */,
				5D309DE92173DCC3002C11F9 /* TodoModelTests.swift in Sources */,
			);
			runOnlyForDeploymentPostprocessing = 0;
		};
		5D1ABA8621705EEA005BA1BE /* Sources */ = {
			isa = PBXSourcesBuildPhase;
			buildActionMask = 2147483647;
			files = (
				5D1ABA8F21705EEA005BA1BE /* TodoAppUITests.swift in Sources */,
			);
			runOnlyForDeploymentPostprocessing = 0;
		};
/* End PBXSourcesBuildPhase section */

/* Begin PBXTargetDependency section */
		5D1ABA8121705EEA005BA1BE /* PBXTargetDependency */ = {
			isa = PBXTargetDependency;
			target = 5D1ABA6A21705EE9005BA1BE /* TodoApp */;
			targetProxy = 5D1ABA8021705EEA005BA1BE /* PBXContainerItemProxy */;
		};
		5D1ABA8C21705EEA005BA1BE /* PBXTargetDependency */ = {
			isa = PBXTargetDependency;
			target = 5D1ABA6A21705EE9005BA1BE /* TodoApp */;
			targetProxy = 5D1ABA8B21705EEA005BA1BE /* PBXContainerItemProxy */;
		};
/* End PBXTargetDependency section */

/* Begin PBXVariantGroup section */
		5D1ABA7221705EE9005BA1BE /* Main.storyboard */ = {
			isa = PBXVariantGroup;
			children = (
				5D1ABA7321705EE9005BA1BE /* Base */,
			);
			name = Main.storyboard;
			sourceTree = "<group>";
		};
		5D1ABA7721705EEA005BA1BE /* LaunchScreen.storyboard */ = {
			isa = PBXVariantGroup;
			children = (
				5D1ABA7821705EEA005BA1BE /* Base */,
			);
			name = LaunchScreen.storyboard;
			sourceTree = "<group>";
		};
/* End PBXVariantGroup section */

/* Begin XCBuildConfiguration section */
		5D1ABA9121705EEA005BA1BE /* Debug */ = {
			isa = XCBuildConfiguration;
			buildSettings = {
				ALWAYS_SEARCH_USER_PATHS = NO;
				CLANG_ANALYZER_NONNULL = YES;
				CLANG_ANALYZER_NUMBER_OBJECT_CONVERSION = YES_AGGRESSIVE;
				CLANG_CXX_LANGUAGE_STANDARD = "gnu++14";
				CLANG_CXX_LIBRARY = "libc++";
				CLANG_ENABLE_MODULES = YES;
				CLANG_ENABLE_OBJC_ARC = YES;
				CLANG_ENABLE_OBJC_WEAK = YES;
				CLANG_WARN_BLOCK_CAPTURE_AUTORELEASING = YES;
				CLANG_WARN_BOOL_CONVERSION = YES;
				CLANG_WARN_COMMA = YES;
				CLANG_WARN_CONSTANT_CONVERSION = YES;
				CLANG_WARN_DEPRECATED_OBJC_IMPLEMENTATIONS = YES;
				CLANG_WARN_DIRECT_OBJC_ISA_USAGE = YES_ERROR;
				CLANG_WARN_DOCUMENTATION_COMMENTS = YES;
				CLANG_WARN_EMPTY_BODY = YES;
				CLANG_WARN_ENUM_CONVERSION = YES;
				CLANG_WARN_INFINITE_RECURSION = YES;
				CLANG_WARN_INT_CONVERSION = YES;
				CLANG_WARN_NON_LITERAL_NULL_CONVERSION = YES;
				CLANG_WARN_OBJC_IMPLICIT_RETAIN_SELF = YES;
				CLANG_WARN_OBJC_LITERAL_CONVERSION = YES;
				CLANG_WARN_OBJC_ROOT_CLASS = YES_ERROR;
				CLANG_WARN_RANGE_LOOP_ANALYSIS = YES;
				CLANG_WARN_STRICT_PROTOTYPES = YES;
				CLANG_WARN_SUSPICIOUS_MOVE = YES;
				CLANG_WARN_UNGUARDED_AVAILABILITY = YES_AGGRESSIVE;
				CLANG_WARN_UNREACHABLE_CODE = YES;
				CLANG_WARN__DUPLICATE_METHOD_MATCH = YES;
				CODE_SIGN_IDENTITY = "iPhone Developer";
				COPY_PHASE_STRIP = NO;
				DEBUG_INFORMATION_FORMAT = dwarf;
				ENABLE_STRICT_OBJC_MSGSEND = YES;
				ENABLE_TESTABILITY = YES;
				GCC_C_LANGUAGE_STANDARD = gnu11;
				GCC_DYNAMIC_NO_PIC = NO;
				GCC_NO_COMMON_BLOCKS = YES;
				GCC_OPTIMIZATION_LEVEL = 0;
				GCC_PREPROCESSOR_DEFINITIONS = (
					"DEBUG=1",
					"$(inherited)",
				);
				GCC_WARN_64_TO_32_BIT_CONVERSION = YES;
				GCC_WARN_ABOUT_RETURN_TYPE = YES_ERROR;
				GCC_WARN_UNDECLARED_SELECTOR = YES;
				GCC_WARN_UNINITIALIZED_AUTOS = YES_AGGRESSIVE;
				GCC_WARN_UNUSED_FUNCTION = YES;
				GCC_WARN_UNUSED_VARIABLE = YES;
				IPHONEOS_DEPLOYMENT_TARGET = 12.0;
				MTL_ENABLE_DEBUG_INFO = INCLUDE_SOURCE;
				MTL_FAST_MATH = YES;
				ONLY_ACTIVE_ARCH = YES;
				SDKROOT = iphoneos;
				SWIFT_ACTIVE_COMPILATION_CONDITIONS = DEBUG;
				SWIFT_OPTIMIZATION_LEVEL = "-Onone";
			};
			name = Debug;
		};
		5D1ABA9221705EEA005BA1BE /* Release */ = {
			isa = XCBuildConfiguration;
			buildSettings = {
				ALWAYS_SEARCH_USER_PATHS = NO;
				CLANG_ANALYZER_NONNULL = YES;
				CLANG_ANALYZER_NUMBER_OBJECT_CONVERSION = YES_AGGRESSIVE;
				CLANG_CXX_LANGUAGE_STANDARD = "gnu++14";
				CLANG_CXX_LIBRARY = "libc++";
				CLANG_ENABLE_MODULES = YES;
				CLANG_ENABLE_OBJC_ARC = YES;
				CLANG_ENABLE_OBJC_WEAK = YES;
				CLANG_WARN_BLOCK_CAPTURE_AUTORELEASING = YES;
				CLANG_WARN_BOOL_CONVERSION = YES;
				CLANG_WARN_COMMA = YES;
				CLANG_WARN_CONSTANT_CONVERSION = YES;
				CLANG_WARN_DEPRECATED_OBJC_IMPLEMENTATIONS = YES;
				CLANG_WARN_DIRECT_OBJC_ISA_USAGE = YES_ERROR;
				CLANG_WARN_DOCUMENTATION_COMMENTS = YES;
				CLANG_WARN_EMPTY_BODY = YES;
				CLANG_WARN_ENUM_CONVERSION = YES;
				CLANG_WARN_INFINITE_RECURSION = YES;
				CLANG_WARN_INT_CONVERSION = YES;
				CLANG_WARN_NON_LITERAL_NULL_CONVERSION = YES;
				CLANG_WARN_OBJC_IMPLICIT_RETAIN_SELF = YES;
				CLANG_WARN_OBJC_LITERAL_CONVERSION = YES;
				CLANG_WARN_OBJC_ROOT_CLASS = YES_ERROR;
				CLANG_WARN_RANGE_LOOP_ANALYSIS = YES;
				CLANG_WARN_STRICT_PROTOTYPES = YES;
				CLANG_WARN_SUSPICIOUS_MOVE = YES;
				CLANG_WARN_UNGUARDED_AVAILABILITY = YES_AGGRESSIVE;
				CLANG_WARN_UNREACHABLE_CODE = YES;
				CLANG_WARN__DUPLICATE_METHOD_MATCH = YES;
				CODE_SIGN_IDENTITY = "iPhone Developer";
				COPY_PHASE_STRIP = NO;
				DEBUG_INFORMATION_FORMAT = "dwarf-with-dsym";
				ENABLE_NS_ASSERTIONS = NO;
				ENABLE_STRICT_OBJC_MSGSEND = YES;
				GCC_C_LANGUAGE_STANDARD = gnu11;
				GCC_NO_COMMON_BLOCKS = YES;
				GCC_WARN_64_TO_32_BIT_CONVERSION = YES;
				GCC_WARN_ABOUT_RETURN_TYPE = YES_ERROR;
				GCC_WARN_UNDECLARED_SELECTOR = YES;
				GCC_WARN_UNINITIALIZED_AUTOS = YES_AGGRESSIVE;
				GCC_WARN_UNUSED_FUNCTION = YES;
				GCC_WARN_UNUSED_VARIABLE = YES;
				IPHONEOS_DEPLOYMENT_TARGET = 12.0;
				MTL_ENABLE_DEBUG_INFO = NO;
				MTL_FAST_MATH = YES;
				SDKROOT = iphoneos;
				SWIFT_COMPILATION_MODE = wholemodule;
				SWIFT_OPTIMIZATION_LEVEL = "-O";
				VALIDATE_PRODUCT = YES;
			};
			name = Release;
		};
		5D1ABA9421705EEA005BA1BE /* Debug */ = {
			isa = XCBuildConfiguration;
			buildSettings = {
				ASSETCATALOG_COMPILER_APPICON_NAME = AppIcon;
				CODE_SIGN_STYLE = Automatic;
				DEVELOPMENT_TEAM = W54LBZDX8H;
				INFOPLIST_FILE = TodoApp/Info.plist;
				LD_RUNPATH_SEARCH_PATHS = (
					"$(inherited)",
					"@executable_path/Frameworks",
				);
				PRODUCT_BUNDLE_IDENTIFIER = com.motiveg.TodoApp;
				PRODUCT_NAME = "$(TARGET_NAME)";
				SWIFT_VERSION = 4.2;
				TARGETED_DEVICE_FAMILY = "1,2";
			};
			name = Debug;
		};
		5D1ABA9521705EEA005BA1BE /* Release */ = {
			isa = XCBuildConfiguration;
			buildSettings = {
				ASSETCATALOG_COMPILER_APPICON_NAME = AppIcon;
				CODE_SIGN_STYLE = Automatic;
				DEVELOPMENT_TEAM = W54LBZDX8H;
				INFOPLIST_FILE = TodoApp/Info.plist;
				LD_RUNPATH_SEARCH_PATHS = (
					"$(inherited)",
					"@executable_path/Frameworks",
				);
				PRODUCT_BUNDLE_IDENTIFIER = com.motiveg.TodoApp;
				PRODUCT_NAME = "$(TARGET_NAME)";
				SWIFT_VERSION = 4.2;
				TARGETED_DEVICE_FAMILY = "1,2";
			};
			name = Release;
		};
		5D1ABA9721705EEA005BA1BE /* Debug */ = {
			isa = XCBuildConfiguration;
			buildSettings = {
				ALWAYS_EMBED_SWIFT_STANDARD_LIBRARIES = YES;
				BUNDLE_LOADER = "$(TEST_HOST)";
				CODE_SIGN_STYLE = Automatic;
				DEVELOPMENT_TEAM = W54LBZDX8H;
				INFOPLIST_FILE = TodoAppTests/Info.plist;
				LD_RUNPATH_SEARCH_PATHS = (
					"$(inherited)",
					"@executable_path/Frameworks",
					"@loader_path/Frameworks",
				);
				PRODUCT_BUNDLE_IDENTIFIER = com.motiveg.TodoAppTests;
				PRODUCT_NAME = "$(TARGET_NAME)";
				SWIFT_VERSION = 4.2;
				TARGETED_DEVICE_FAMILY = "1,2";
				TEST_HOST = "$(BUILT_PRODUCTS_DIR)/TodoApp.app/TodoApp";
			};
			name = Debug;
		};
		5D1ABA9821705EEA005BA1BE /* Release */ = {
			isa = XCBuildConfiguration;
			buildSettings = {
				ALWAYS_EMBED_SWIFT_STANDARD_LIBRARIES = YES;
				BUNDLE_LOADER = "$(TEST_HOST)";
				CODE_SIGN_STYLE = Automatic;
				DEVELOPMENT_TEAM = W54LBZDX8H;
				INFOPLIST_FILE = TodoAppTests/Info.plist;
				LD_RUNPATH_SEARCH_PATHS = (
					"$(inherited)",
					"@executable_path/Frameworks",
					"@loader_path/Frameworks",
				);
				PRODUCT_BUNDLE_IDENTIFIER = com.motiveg.TodoAppTests;
				PRODUCT_NAME = "$(TARGET_NAME)";
				SWIFT_VERSION = 4.2;
				TARGETED_DEVICE_FAMILY = "1,2";
				TEST_HOST = "$(BUILT_PRODUCTS_DIR)/TodoApp.app/TodoApp";
			};
			name = Release;
		};
		5D1ABA9A21705EEA005BA1BE /* Debug */ = {
			isa = XCBuildConfiguration;
			buildSettings = {
				ALWAYS_EMBED_SWIFT_STANDARD_LIBRARIES = YES;
				CODE_SIGN_STYLE = Automatic;
				DEVELOPMENT_TEAM = W54LBZDX8H;
				INFOPLIST_FILE = TodoAppUITests/Info.plist;
				LD_RUNPATH_SEARCH_PATHS = (
					"$(inherited)",
					"@executable_path/Frameworks",
					"@loader_path/Frameworks",
				);
				PRODUCT_BUNDLE_IDENTIFIER = com.motiveg.TodoAppUITests;
				PRODUCT_NAME = "$(TARGET_NAME)";
				SWIFT_VERSION = 4.2;
				TARGETED_DEVICE_FAMILY = "1,2";
				TEST_TARGET_NAME = TodoApp;
			};
			name = Debug;
		};
		5D1ABA9B21705EEA005BA1BE /* Release */ = {
			isa = XCBuildConfiguration;
			buildSettings = {
				ALWAYS_EMBED_SWIFT_STANDARD_LIBRARIES = YES;
				CODE_SIGN_STYLE = Automatic;
				DEVELOPMENT_TEAM = W54LBZDX8H;
				INFOPLIST_FILE = TodoAppUITests/Info.plist;
				LD_RUNPATH_SEARCH_PATHS = (
					"$(inherited)",
					"@executable_path/Frameworks",
					"@loader_path/Frameworks",
				);
				PRODUCT_BUNDLE_IDENTIFIER = com.motiveg.TodoAppUITests;
				PRODUCT_NAME = "$(TARGET_NAME)";
				SWIFT_VERSION = 4.2;
				TARGETED_DEVICE_FAMILY = "1,2";
				TEST_TARGET_NAME = TodoApp;
			};
			name = Release;
		};
/* End XCBuildConfiguration section */

/* Begin XCConfigurationList section */
		5D1ABA6621705EE8005BA1BE /* Build configuration list for PBXProject "TodoApp" */ = {
			isa = XCConfigurationList;
			buildConfigurations = (
				5D1ABA9121705EEA005BA1BE /* Debug */,
				5D1ABA9221705EEA005BA1BE /* Release */,
			);
			defaultConfigurationIsVisible = 0;
			defaultConfigurationName = Release;
		};
		5D1ABA9321705EEA005BA1BE /* Build configuration list for PBXNativeTarget "TodoApp" */ = {
			isa = XCConfigurationList;
			buildConfigurations = (
				5D1ABA9421705EEA005BA1BE /* Debug */,
				5D1ABA9521705EEA005BA1BE /* Release */,
			);
			defaultConfigurationIsVisible = 0;
			defaultConfigurationName = Release;
		};
		5D1ABA9621705EEA005BA1BE /* Build configuration list for PBXNativeTarget "TodoAppTests" */ = {
			isa = XCConfigurationList;
			buildConfigurations = (
				5D1ABA9721705EEA005BA1BE /* Debug */,
				5D1ABA9821705EEA005BA1BE /* Release */,
			);
			defaultConfigurationIsVisible = 0;
			defaultConfigurationName = Release;
		};
		5D1ABA9921705EEA005BA1BE /* Build configuration list for PBXNativeTarget "TodoAppUITests" */ = {
			isa = XCConfigurationList;
			buildConfigurations = (
				5D1ABA9A21705EEA005BA1BE /* Debug */,
				5D1ABA9B21705EEA005BA1BE /* Release */,
			);
			defaultConfigurationIsVisible = 0;
			defaultConfigurationName = Release;
		};
/* End XCConfigurationList section */

/* Begin XCVersionGroup section */
		5D7A74BB217307720056BB49 /* TodoApp.xcdatamodeld */ = {
			isa = XCVersionGroup;
			children = (
				5D7A74BC217307720056BB49 /* TodoApp.xcdatamodel */,
			);
			currentVersion = 5D7A74BC217307720056BB49 /* TodoApp.xcdatamodel */;
			path = TodoApp.xcdatamodeld;
			sourceTree = "<group>";
			versionGroupType = wrapper.xcdatamodel;
		};
/* End XCVersionGroup section */
	};
	rootObject = 5D1ABA6321705EE8005BA1BE /* Project object */;
}
